{
  "name": "amigasconcodigo",
  "version": "1.0.0",
  "lockfileVersion": 1,
  "requires": true,
  "dependencies": {
    "@types/readline-sync": {
      "version": "1.4.6",
      "resolved": "https://registry.npmjs.org/@types/readline-sync/-/readline-sync-1.4.6.tgz",
      "integrity": "sha512-PdvRkoeM8EYvm3XDj139uyqeYzbOSF+ytyDKuBUXqpf80NBRUtZWQm4qfFw8mhj34f+HIxWPghFnPUTlEi48Bg=="
    },
    "readline-sync": {
      "version": "1.4.10",
      "resolved": "https://registry.npmjs.org/readline-sync/-/readline-sync-1.4.10.tgz",
      "integrity": "sha512-gNva8/6UAe8QYepIQH/jQ2qn91Qj0B9sYjMBBs3QOB8F2CXcKgLxQaJRP76sWVRQt+QU+8fAkCbCvjjMFu7Ycw=="
    }
  }
}
